// !$*UTF8*$!
{
	archiveVersion = 1;
	classes = {
	};
	objectVersion = 46;
	objects = {

/* Begin PBXBuildFile section */
		89CC7B5231AD8E77CEC10949 /* libPods-YYDebugDatabase.a in Frameworks */ = {isa = PBXBuildFile; fileRef = F79B17EACE993F42581F0F1C /* libPods-YYDebugDatabase.a */; };
		8A6C34EC1FE5175100C44E61 /* DebugDatabaseManager.m in Sources */ = {isa = PBXBuildFile; fileRef = E84AE6331F3C4210003A9EB7 /* DebugDatabaseManager.m */; };
		8A6C34ED1FE5175400C44E61 /* DatabaseUtil.m in Sources */ = {isa = PBXBuildFile; fileRef = E84AE6431F3D9F8F003A9EB7 /* DatabaseUtil.m */; };
		8A6C34EE1FE5175900C44E61 /* NSURL+scheme.m in Sources */ = {isa = PBXBuildFile; fileRef = E84AE63C1F3D8016003A9EB7 /* NSURL+scheme.m */; };
		8A6C34EF1FE5175C00C44E61 /* NSMutableArray+safe.m in Sources */ = {isa = PBXBuildFile; fileRef = E84AE6481F3EA0DF003A9EB7 /* NSMutableArray+safe.m */; };
		8A6C34F01FE5175E00C44E61 /* NSMutableDictionary+safe.m in Sources */ = {isa = PBXBuildFile; fileRef = E84AE64A1F3EA0DF003A9EB7 /* NSMutableDictionary+safe.m */; };
		8A6C34F11FE5176100C44E61 /* NSString+json.m in Sources */ = {isa = PBXBuildFile; fileRef = E84AE64E1F3EA78F003A9EB7 /* NSString+json.m */; };
		8A6C34F51FE5187700C44E61 /* GCDWebServers.framework in Frameworks */ = {isa = PBXBuildFile; fileRef = 8A6C34F31FE5187700C44E61 /* GCDWebServers.framework */; };
		8A6C34F61FE5187700C44E61 /* FMDB.framework in Frameworks */ = {isa = PBXBuildFile; fileRef = 8A6C34F41FE5187700C44E61 /* FMDB.framework */; };
		8AE40E021FE51FEF00B5F6CA /* DebugDatabaseManager.h in Headers */ = {isa = PBXBuildFile; fileRef = E84AE6321F3C4210003A9EB7 /* DebugDatabaseManager.h */; settings = {ATTRIBUTES = (Public, ); }; };
		8AE40E031FE5200100B5F6CA /* DatabaseUtil.h in Headers */ = {isa = PBXBuildFile; fileRef = E84AE6421F3D9F8F003A9EB7 /* DatabaseUtil.h */; };
		8AE40E041FE5200400B5F6CA /* NSURL+scheme.h in Headers */ = {isa = PBXBuildFile; fileRef = E84AE63B1F3D8016003A9EB7 /* NSURL+scheme.h */; };
		8AE40E051FE5200700B5F6CA /* NSMutableArray+safe.h in Headers */ = {isa = PBXBuildFile; fileRef = E84AE6471F3EA0DF003A9EB7 /* NSMutableArray+safe.h */; };
		8AE40E061FE5200A00B5F6CA /* NSMutableDictionary+safe.h in Headers */ = {isa = PBXBuildFile; fileRef = E84AE6491F3EA0DF003A9EB7 /* NSMutableDictionary+safe.h */; };
		8AE40E071FE5200C00B5F6CA /* NSString+json.h in Headers */ = {isa = PBXBuildFile; fileRef = E84AE64D1F3EA78F003A9EB7 /* NSString+json.h */; };
		8AE40E221FE5243A00B5F6CA /* iOSDebugDatabase.h in Headers */ = {isa = PBXBuildFile; fileRef = 8A6C34E11FE516EF00C44E61 /* iOSDebugDatabase.h */; settings = {ATTRIBUTES = (Public, ); }; };
		8AE40E231FE5253900B5F6CA /* Web.bundle in Resources */ = {isa = PBXBuildFile; fileRef = E8E069C81F40954500477064 /* Web.bundle */; };
		E834DAAC22DC5A6400FAC2C1 /* YYDebugDatabase.podspec in Resources */ = {isa = PBXBuildFile; fileRef = E834DAAB22DC5A6400FAC2C1 /* YYDebugDatabase.podspec */; };
		E84AE5F01F3ADDE3003A9EB7 /* main.m in Sources */ = {isa = PBXBuildFile; fileRef = E84AE5EF1F3ADDE3003A9EB7 /* main.m */; };
		E84AE5F31F3ADDE3003A9EB7 /* AppDelegate.m in Sources */ = {isa = PBXBuildFile; fileRef = E84AE5F21F3ADDE3003A9EB7 /* AppDelegate.m */; };
		E84AE5F61F3ADDE3003A9EB7 /* ViewController.m in Sources */ = {isa = PBXBuildFile; fileRef = E84AE5F51F3ADDE3003A9EB7 /* ViewController.m */; };
		E84AE5F91F3ADDE3003A9EB7 /* Main.storyboard in Resources */ = {isa = PBXBuildFile; fileRef = E84AE5F71F3ADDE3003A9EB7 /* Main.storyboard */; };
		E84AE5FB1F3ADDE3003A9EB7 /* Assets.xcassets in Resources */ = {isa = PBXBuildFile; fileRef = E84AE5FA1F3ADDE3003A9EB7 /* Assets.xcassets */; };
		E84AE5FE1F3ADDE3003A9EB7 /* LaunchScreen.storyboard in Resources */ = {isa = PBXBuildFile; fileRef = E84AE5FC1F3ADDE3003A9EB7 /* LaunchScreen.storyboard */; };
		E84AE6341F3C4210003A9EB7 /* DebugDatabaseManager.m in Sources */ = {isa = PBXBuildFile; fileRef = E84AE6331F3C4210003A9EB7 /* DebugDatabaseManager.m */; };
		E84AE63D1F3D8016003A9EB7 /* NSURL+scheme.m in Sources */ = {isa = PBXBuildFile; fileRef = E84AE63C1F3D8016003A9EB7 /* NSURL+scheme.m */; };
		E84AE6401F3D9BEF003A9EB7 /* Car.db in Resources */ = {isa = PBXBuildFile; fileRef = E84AE63E1F3D8843003A9EB7 /* Car.db */; };
		E84AE6411F3D9BEF003A9EB7 /* Contact.db in Resources */ = {isa = PBXBuildFile; fileRef = E84AE63F1F3D8843003A9EB7 /* Contact.db */; };
		E84AE6441F3D9F8F003A9EB7 /* DatabaseUtil.m in Sources */ = {isa = PBXBuildFile; fileRef = E84AE6431F3D9F8F003A9EB7 /* DatabaseUtil.m */; };
		E84AE6461F3DA3AA003A9EB7 /* libsqlite3.0.tbd in Frameworks */ = {isa = PBXBuildFile; fileRef = E84AE6451F3DA3AA003A9EB7 /* libsqlite3.0.tbd */; };
		E84AE64B1F3EA0DF003A9EB7 /* NSMutableArray+safe.m in Sources */ = {isa = PBXBuildFile; fileRef = E84AE6481F3EA0DF003A9EB7 /* NSMutableArray+safe.m */; };
		E84AE64C1F3EA0DF003A9EB7 /* NSMutableDictionary+safe.m in Sources */ = {isa = PBXBuildFile; fileRef = E84AE64A1F3EA0DF003A9EB7 /* NSMutableDictionary+safe.m */; };
		E84AE64F1F3EA78F003A9EB7 /* NSString+json.m in Sources */ = {isa = PBXBuildFile; fileRef = E84AE64E1F3EA78F003A9EB7 /* NSString+json.m */; };
		E8E069C91F40954500477064 /* Web.bundle in Resources */ = {isa = PBXBuildFile; fileRef = E8E069C81F40954500477064 /* Web.bundle */; };
/* End PBXBuildFile section */

/* Begin PBXFileReference section */
		22ADD98E9993641841D67B7F /* Pods-YYDebugDatabase.debug.xcconfig */ = {isa = PBXFileReference; includeInIndex = 1; lastKnownFileType = text.xcconfig; name = "Pods-YYDebugDatabase.debug.xcconfig"; path = "Pods/Target Support Files/Pods-YYDebugDatabase/Pods-YYDebugDatabase.debug.xcconfig"; sourceTree = "<group>"; };
		50D992B943B292D10D75C6C2 /* Pods-YYDebugDatabase.release.xcconfig */ = {isa = PBXFileReference; includeInIndex = 1; lastKnownFileType = text.xcconfig; name = "Pods-YYDebugDatabase.release.xcconfig"; path = "Pods/Target Support Files/Pods-YYDebugDatabase/Pods-YYDebugDatabase.release.xcconfig"; sourceTree = "<group>"; };
		8A6C34DF1FE516EF00C44E61 /* iOSDebugDatabase.framework */ = {isa = PBXFileReference; explicitFileType = wrapper.framework; includeInIndex = 0; path = iOSDebugDatabase.framework; sourceTree = BUILT_PRODUCTS_DIR; };
		8A6C34E11FE516EF00C44E61 /* iOSDebugDatabase.h */ = {isa = PBXFileReference; lastKnownFileType = sourcecode.c.h; path = iOSDebugDatabase.h; sourceTree = "<group>"; };
		8A6C34E21FE516EF00C44E61 /* Info.plist */ = {isa = PBXFileReference; lastKnownFileType = text.plist.xml; path = Info.plist; sourceTree = "<group>"; };
		8A6C34F21FE517CF00C44E61 /* Cartfile */ = {isa = PBXFileReference; lastKnownFileType = text; path = Cartfile; sourceTree = "<group>"; };
		8A6C34F31FE5187700C44E61 /* GCDWebServers.framework */ = {isa = PBXFileReference; lastKnownFileType = wrapper.framework; name = GCDWebServers.framework; path = ../../Build/iOS/GCDWebServers.framework; sourceTree = "<group>"; };
		8A6C34F41FE5187700C44E61 /* FMDB.framework */ = {isa = PBXFileReference; lastKnownFileType = wrapper.framework; name = FMDB.framework; path = ../../Build/iOS/FMDB.framework; sourceTree = "<group>"; };
		E834DAAB22DC5A6400FAC2C1 /* YYDebugDatabase.podspec */ = {isa = PBXFileReference; fileEncoding = 4; lastKnownFileType = text; path = YYDebugDatabase.podspec; sourceTree = "<group>"; };
		E84AE5EB1F3ADDE3003A9EB7 /* YYDebugDatabase.app */ = {isa = PBXFileReference; explicitFileType = wrapper.application; includeInIndex = 0; path = YYDebugDatabase.app; sourceTree = BUILT_PRODUCTS_DIR; };
		E84AE5EF1F3ADDE3003A9EB7 /* main.m */ = {isa = PBXFileReference; lastKnownFileType = sourcecode.c.objc; path = main.m; sourceTree = "<group>"; };
		E84AE5F11F3ADDE3003A9EB7 /* AppDelegate.h */ = {isa = PBXFileReference; lastKnownFileType = sourcecode.c.h; path = AppDelegate.h; sourceTree = "<group>"; };
		E84AE5F21F3ADDE3003A9EB7 /* AppDelegate.m */ = {isa = PBXFileReference; lastKnownFileType = sourcecode.c.objc; path = AppDelegate.m; sourceTree = "<group>"; };
		E84AE5F41F3ADDE3003A9EB7 /* ViewController.h */ = {isa = PBXFileReference; lastKnownFileType = sourcecode.c.h; path = ViewController.h; sourceTree = "<group>"; };
		E84AE5F51F3ADDE3003A9EB7 /* ViewController.m */ = {isa = PBXFileReference; lastKnownFileType = sourcecode.c.objc; path = ViewController.m; sourceTree = "<group>"; };
		E84AE5F81F3ADDE3003A9EB7 /* Base */ = {isa = PBXFileReference; lastKnownFileType = file.storyboard; name = Base; path = Base.lproj/Main.storyboard; sourceTree = "<group>"; };
		E84AE5FA1F3ADDE3003A9EB7 /* Assets.xcassets */ = {isa = PBXFileReference; lastKnownFileType = folder.assetcatalog; path = Assets.xcassets; sourceTree = "<group>"; };
		E84AE5FD1F3ADDE3003A9EB7 /* Base */ = {isa = PBXFileReference; lastKnownFileType = file.storyboard; name = Base; path = Base.lproj/LaunchScreen.storyboard; sourceTree = "<group>"; };
		E84AE5FF1F3ADDE3003A9EB7 /* Info.plist */ = {isa = PBXFileReference; lastKnownFileType = text.plist.xml; path = Info.plist; sourceTree = "<group>"; };
		E84AE6321F3C4210003A9EB7 /* DebugDatabaseManager.h */ = {isa = PBXFileReference; fileEncoding = 4; lastKnownFileType = sourcecode.c.h; path = DebugDatabaseManager.h; sourceTree = "<group>"; };
		E84AE6331F3C4210003A9EB7 /* DebugDatabaseManager.m */ = {isa = PBXFileReference; fileEncoding = 4; lastKnownFileType = sourcecode.c.objc; path = DebugDatabaseManager.m; sourceTree = "<group>"; };
		E84AE63B1F3D8016003A9EB7 /* NSURL+scheme.h */ = {isa = PBXFileReference; fileEncoding = 4; lastKnownFileType = sourcecode.c.h; path = "NSURL+scheme.h"; sourceTree = "<group>"; };
		E84AE63C1F3D8016003A9EB7 /* NSURL+scheme.m */ = {isa = PBXFileReference; fileEncoding = 4; lastKnownFileType = sourcecode.c.objc; path = "NSURL+scheme.m"; sourceTree = "<group>"; };
		E84AE63E1F3D8843003A9EB7 /* Car.db */ = {isa = PBXFileReference; lastKnownFileType = file; path = Car.db; sourceTree = "<group>"; };
		E84AE63F1F3D8843003A9EB7 /* Contact.db */ = {isa = PBXFileReference; lastKnownFileType = file; path = Contact.db; sourceTree = "<group>"; };
		E84AE6421F3D9F8F003A9EB7 /* DatabaseUtil.h */ = {isa = PBXFileReference; fileEncoding = 4; lastKnownFileType = sourcecode.c.h; path = DatabaseUtil.h; sourceTree = "<group>"; };
		E84AE6431F3D9F8F003A9EB7 /* DatabaseUtil.m */ = {isa = PBXFileReference; fileEncoding = 4; lastKnownFileType = sourcecode.c.objc; path = DatabaseUtil.m; sourceTree = "<group>"; };
		E84AE6451F3DA3AA003A9EB7 /* libsqlite3.0.tbd */ = {isa = PBXFileReference; lastKnownFileType = "sourcecode.text-based-dylib-definition"; name = libsqlite3.0.tbd; path = usr/lib/libsqlite3.0.tbd; sourceTree = SDKROOT; };
		E84AE6471F3EA0DF003A9EB7 /* NSMutableArray+safe.h */ = {isa = PBXFileReference; fileEncoding = 4; lastKnownFileType = sourcecode.c.h; path = "NSMutableArray+safe.h"; sourceTree = "<group>"; };
		E84AE6481F3EA0DF003A9EB7 /* NSMutableArray+safe.m */ = {isa = PBXFileReference; fileEncoding = 4; lastKnownFileType = sourcecode.c.objc; path = "NSMutableArray+safe.m"; sourceTree = "<group>"; };
		E84AE6491F3EA0DF003A9EB7 /* NSMutableDictionary+safe.h */ = {isa = PBXFileReference; fileEncoding = 4; lastKnownFileType = sourcecode.c.h; path = "NSMutableDictionary+safe.h"; sourceTree = "<group>"; };
		E84AE64A1F3EA0DF003A9EB7 /* NSMutableDictionary+safe.m */ = {isa = PBXFileReference; fileEncoding = 4; lastKnownFileType = sourcecode.c.objc; path = "NSMutableDictionary+safe.m"; sourceTree = "<group>"; };
		E84AE64D1F3EA78F003A9EB7 /* NSString+json.h */ = {isa = PBXFileReference; fileEncoding = 4; lastKnownFileType = sourcecode.c.h; path = "NSString+json.h"; sourceTree = "<group>"; };
		E84AE64E1F3EA78F003A9EB7 /* NSString+json.m */ = {isa = PBXFileReference; fileEncoding = 4; lastKnownFileType = sourcecode.c.objc; path = "NSString+json.m"; sourceTree = "<group>"; };
		E8E069C81F40954500477064 /* Web.bundle */ = {isa = PBXFileReference; lastKnownFileType = "wrapper.plug-in"; path = Web.bundle; sourceTree = "<group>"; };
		F79B17EACE993F42581F0F1C /* libPods-YYDebugDatabase.a */ = {isa = PBXFileReference; explicitFileType = archive.ar; includeInIndex = 0; path = "libPods-YYDebugDatabase.a"; sourceTree = BUILT_PRODUCTS_DIR; };
/* End PBXFileReference section */

/* Begin PBXFrameworksBuildPhase section */
		8A6C34DB1FE516EF00C44E61 /* Frameworks */ = {
			isa = PBXFrameworksBuildPhase;
			buildActionMask = 2147483647;
			files = (
				8A6C34F51FE5187700C44E61 /* GCDWebServers.framework in Frameworks */,
				8A6C34F61FE5187700C44E61 /* FMDB.framework in Frameworks */,
			);
			runOnlyForDeploymentPostprocessing = 0;
		};
		E84AE5E81F3ADDE3003A9EB7 /* Frameworks */ = {
			isa = PBXFrameworksBuildPhase;
			buildActionMask = 2147483647;
			files = (
				E84AE6461F3DA3AA003A9EB7 /* libsqlite3.0.tbd in Frameworks */,
				89CC7B5231AD8E77CEC10949 /* libPods-YYDebugDatabase.a in Frameworks */,
			);
			runOnlyForDeploymentPostprocessing = 0;
		};
/* End PBXFrameworksBuildPhase section */

/* Begin PBXGroup section */
		6EF7385C082F21BADF8F3BAF /* Frameworks */ = {
			isa = PBXGroup;
			children = (
				8A6C34F41FE5187700C44E61 /* FMDB.framework */,
				8A6C34F31FE5187700C44E61 /* GCDWebServers.framework */,
				E84AE6451F3DA3AA003A9EB7 /* libsqlite3.0.tbd */,
				F79B17EACE993F42581F0F1C /* libPods-YYDebugDatabase.a */,
			);
			name = Frameworks;
			sourceTree = "<group>";
		};
		73F601B41DFF036042C120A0 /* Pods */ = {
			isa = PBXGroup;
			children = (
				22ADD98E9993641841D67B7F /* Pods-YYDebugDatabase.debug.xcconfig */,
				50D992B943B292D10D75C6C2 /* Pods-YYDebugDatabase.release.xcconfig */,
			);
			name = Pods;
			sourceTree = "<group>";
		};
		E84AE5E21F3ADDE3003A9EB7 = {
			isa = PBXGroup;
			children = (
				E834DAAB22DC5A6400FAC2C1 /* YYDebugDatabase.podspec */,
				8A6C34F21FE517CF00C44E61 /* Cartfile */,
				E84AE6091F3C39CD003A9EB7 /* DebugDatabase */,
				E84AE5ED1F3ADDE3003A9EB7 /* YYDebugDatabase */,
				E84AE5EC1F3ADDE3003A9EB7 /* Products */,
				73F601B41DFF036042C120A0 /* Pods */,
				6EF7385C082F21BADF8F3BAF /* Frameworks */,
			);
			sourceTree = "<group>";
		};
		E84AE5EC1F3ADDE3003A9EB7 /* Products */ = {
			isa = PBXGroup;
			children = (
				E84AE5EB1F3ADDE3003A9EB7 /* YYDebugDatabase.app */,
				8A6C34DF1FE516EF00C44E61 /* iOSDebugDatabase.framework */,
			);
			name = Products;
			sourceTree = "<group>";
		};
		E84AE5ED1F3ADDE3003A9EB7 /* YYDebugDatabase */ = {
			isa = PBXGroup;
			children = (
				E84AE63E1F3D8843003A9EB7 /* Car.db */,
				E84AE63F1F3D8843003A9EB7 /* Contact.db */,
				E84AE5F11F3ADDE3003A9EB7 /* AppDelegate.h */,
				E84AE5F21F3ADDE3003A9EB7 /* AppDelegate.m */,
				E84AE5F41F3ADDE3003A9EB7 /* ViewController.h */,
				E84AE5F51F3ADDE3003A9EB7 /* ViewController.m */,
				E84AE5F71F3ADDE3003A9EB7 /* Main.storyboard */,
				E84AE5FA1F3ADDE3003A9EB7 /* Assets.xcassets */,
				E84AE5FC1F3ADDE3003A9EB7 /* LaunchScreen.storyboard */,
				E84AE5FF1F3ADDE3003A9EB7 /* Info.plist */,
				E84AE5EE1F3ADDE3003A9EB7 /* Supporting Files */,
			);
			path = YYDebugDatabase;
			sourceTree = "<group>";
		};
		E84AE5EE1F3ADDE3003A9EB7 /* Supporting Files */ = {
			isa = PBXGroup;
			children = (
				E84AE5EF1F3ADDE3003A9EB7 /* main.m */,
			);
			name = "Supporting Files";
			sourceTree = "<group>";
		};
		E84AE6091F3C39CD003A9EB7 /* DebugDatabase */ = {
			isa = PBXGroup;
			children = (
				8A6C34E11FE516EF00C44E61 /* iOSDebugDatabase.h */,
				8A6C34E21FE516EF00C44E61 /* Info.plist */,
				E8E069C81F40954500477064 /* Web.bundle */,
				E84AE6321F3C4210003A9EB7 /* DebugDatabaseManager.h */,
				E84AE6331F3C4210003A9EB7 /* DebugDatabaseManager.m */,
				E84AE6421F3D9F8F003A9EB7 /* DatabaseUtil.h */,
				E84AE6431F3D9F8F003A9EB7 /* DatabaseUtil.m */,
				E84AE63B1F3D8016003A9EB7 /* NSURL+scheme.h */,
				E84AE63C1F3D8016003A9EB7 /* NSURL+scheme.m */,
				E84AE6471F3EA0DF003A9EB7 /* NSMutableArray+safe.h */,
				E84AE6481F3EA0DF003A9EB7 /* NSMutableArray+safe.m */,
				E84AE6491F3EA0DF003A9EB7 /* NSMutableDictionary+safe.h */,
				E84AE64A1F3EA0DF003A9EB7 /* NSMutableDictionary+safe.m */,
				E84AE64D1F3EA78F003A9EB7 /* NSString+json.h */,
				E84AE64E1F3EA78F003A9EB7 /* NSString+json.m */,
			);
			path = DebugDatabase;
			sourceTree = "<group>";
		};
/* End PBXGroup section */

/* Begin PBXHeadersBuildPhase section */
		8A6C34DC1FE516EF00C44E61 /* Headers */ = {
			isa = PBXHeadersBuildPhase;
			buildActionMask = 2147483647;
			files = (
				8AE40E021FE51FEF00B5F6CA /* DebugDatabaseManager.h in Headers */,
				8AE40E031FE5200100B5F6CA /* DatabaseUtil.h in Headers */,
				8AE40E041FE5200400B5F6CA /* NSURL+scheme.h in Headers */,
				8AE40E051FE5200700B5F6CA /* NSMutableArray+safe.h in Headers */,
				8AE40E221FE5243A00B5F6CA /* iOSDebugDatabase.h in Headers */,
				8AE40E071FE5200C00B5F6CA /* NSString+json.h in Headers */,
				8AE40E061FE5200A00B5F6CA /* NSMutableDictionary+safe.h in Headers */,
			);
			runOnlyForDeploymentPostprocessing = 0;
		};
/* End PBXHeadersBuildPhase section */

/* Begin PBXNativeTarget section */
		8A6C34DE1FE516EF00C44E61 /* iOSDebugDatabase-iOS */ = {
			isa = PBXNativeTarget;
			buildConfigurationList = 8A6C34EA1FE516EF00C44E61 /* Build configuration list for PBXNativeTarget "iOSDebugDatabase-iOS" */;
			buildPhases = (
				8A6C34DA1FE516EF00C44E61 /* Sources */,
				8A6C34DB1FE516EF00C44E61 /* Frameworks */,
				8A6C34DC1FE516EF00C44E61 /* Headers */,
				8A6C34DD1FE516EF00C44E61 /* Resources */,
			);
			buildRules = (
			);
			dependencies = (
			);
			name = "iOSDebugDatabase-iOS";
			productName = iOSDebugDatabase;
			productReference = 8A6C34DF1FE516EF00C44E61 /* iOSDebugDatabase.framework */;
			productType = "com.apple.product-type.framework";
		};
		E84AE5EA1F3ADDE3003A9EB7 /* YYDebugDatabase */ = {
			isa = PBXNativeTarget;
			buildConfigurationList = E84AE6021F3ADDE3003A9EB7 /* Build configuration list for PBXNativeTarget "YYDebugDatabase" */;
			buildPhases = (
				AC614CD6DFA5E640A919CE47 /* [CP] Check Pods Manifest.lock */,
				E84AE5E71F3ADDE3003A9EB7 /* Sources */,
				E84AE5E81F3ADDE3003A9EB7 /* Frameworks */,
				E84AE5E91F3ADDE3003A9EB7 /* Resources */,
				9FB2B373BADC92DF69E0334D /* [CP] Embed Pods Frameworks */,
				8B25CAB7D4215B4952552A3B /* [CP] Copy Pods Resources */,
			);
			buildRules = (
			);
			dependencies = (
			);
			name = YYDebugDatabase;
			productName = YYDebugDatabase;
			productReference = E84AE5EB1F3ADDE3003A9EB7 /* YYDebugDatabase.app */;
			productType = "com.apple.product-type.application";
		};
/* End PBXNativeTarget section */

/* Begin PBXProject section */
		E84AE5E31F3ADDE3003A9EB7 /* Project object */ = {
			isa = PBXProject;
			attributes = {
				LastUpgradeCheck = 0820;
				ORGANIZATIONNAME = wentian;
				TargetAttributes = {
					8A6C34DE1FE516EF00C44E61 = {
						CreatedOnToolsVersion = 9.2;
						DevelopmentTeam = 6M5WCVL2GQ;
						ProvisioningStyle = Automatic;
					};
					E84AE5EA1F3ADDE3003A9EB7 = {
						CreatedOnToolsVersion = 8.2.1;
						DevelopmentTeam = 6M5WCVL2GQ;
						ProvisioningStyle = Automatic;
					};
				};
			};
			buildConfigurationList = E84AE5E61F3ADDE3003A9EB7 /* Build configuration list for PBXProject "YYDebugDatabase" */;
			compatibilityVersion = "Xcode 3.2";
			developmentRegion = English;
			hasScannedForEncodings = 0;
			knownRegions = (
				en,
				Base,
			);
			mainGroup = E84AE5E21F3ADDE3003A9EB7;
			productRefGroup = E84AE5EC1F3ADDE3003A9EB7 /* Products */;
			projectDirPath = "";
			projectRoot = "";
			targets = (
				E84AE5EA1F3ADDE3003A9EB7 /* YYDebugDatabase */,
				8A6C34DE1FE516EF00C44E61 /* iOSDebugDatabase-iOS */,
			);
		};
/* End PBXProject section */

/* Begin PBXResourcesBuildPhase section */
		8A6C34DD1FE516EF00C44E61 /* Resources */ = {
			isa = PBXResourcesBuildPhase;
			buildActionMask = 2147483647;
			files = (
				8AE40E231FE5253900B5F6CA /* Web.bundle in Resources */,
			);
			runOnlyForDeploymentPostprocessing = 0;
		};
		E84AE5E91F3ADDE3003A9EB7 /* Resources */ = {
			isa = PBXResourcesBuildPhase;
			buildActionMask = 2147483647;
			files = (
				E8E069C91F40954500477064 /* Web.bundle in Resources */,
				E84AE6401F3D9BEF003A9EB7 /* Car.db in Resources */,
				E84AE6411F3D9BEF003A9EB7 /* Contact.db in Resources */,
				E84AE5FE1F3ADDE3003A9EB7 /* LaunchScreen.storyboard in Resources */,
				E84AE5FB1F3ADDE3003A9EB7 /* Assets.xcassets in Resources */,
				E834DAAC22DC5A6400FAC2C1 /* YYDebugDatabase.podspec in Resources */,
				E84AE5F91F3ADDE3003A9EB7 /* Main.storyboard in Resources */,
			);
			runOnlyForDeploymentPostprocessing = 0;
		};
/* End PBXResourcesBuildPhase section */

/* Begin PBXShellScriptBuildPhase section */
		8B25CAB7D4215B4952552A3B /* [CP] Copy Pods Resources */ = {
			isa = PBXShellScriptBuildPhase;
			buildActionMask = 2147483647;
			files = (
			);
			inputPaths = (
				"${SRCROOT}/Pods/Target Support Files/Pods-YYDebugDatabase/Pods-YYDebugDatabase-resources.sh",
				"${PODS_ROOT}/GCDWebServer/GCDWebUploader/GCDWebUploader.bundle",
			);
			name = "[CP] Copy Pods Resources";
			outputPaths = (
				"${TARGET_BUILD_DIR}/${UNLOCALIZED_RESOURCES_FOLDER_PATH}",
			);
			runOnlyForDeploymentPostprocessing = 0;
			shellPath = /bin/sh;
			shellScript = "\"${SRCROOT}/Pods/Target Support Files/Pods-YYDebugDatabase/Pods-YYDebugDatabase-resources.sh\"\n";
			showEnvVarsInLog = 0;
		};
		9FB2B373BADC92DF69E0334D /* [CP] Embed Pods Frameworks */ = {
			isa = PBXShellScriptBuildPhase;
			buildActionMask = 2147483647;
			files = (
			);
			inputPaths = (
			);
			name = "[CP] Embed Pods Frameworks";
			outputPaths = (
			);
			runOnlyForDeploymentPostprocessing = 0;
			shellPath = /bin/sh;
			shellScript = "\"${SRCROOT}/Pods/Target Support Files/Pods-YYDebugDatabase/Pods-YYDebugDatabase-frameworks.sh\"\n";
			showEnvVarsInLog = 0;
		};
		AC614CD6DFA5E640A919CE47 /* [CP] Check Pods Manifest.lock */ = {
			isa = PBXShellScriptBuildPhase;
			buildActionMask = 2147483647;
			files = (
			);
			inputPaths = (
				"${PODS_PODFILE_DIR_PATH}/Podfile.lock",
				"${PODS_ROOT}/Manifest.lock",
			);
			name = "[CP] Check Pods Manifest.lock";
			outputPaths = (
				"$(DERIVED_FILE_DIR)/Pods-YYDebugDatabase-checkManifestLockResult.txt",
			);
			runOnlyForDeploymentPostprocessing = 0;
			shellPath = /bin/sh;
			shellScript = "diff \"${PODS_PODFILE_DIR_PATH}/Podfile.lock\" \"${PODS_ROOT}/Manifest.lock\" > /dev/null\nif [ $? != 0 ] ; then\n    # print error to STDERR\n    echo \"error: The sandbox is not in sync with the Podfile.lock. Run 'pod install' or update your CocoaPods installation.\" >&2\n    exit 1\nfi\n# This output is used by Xcode 'outputs' to avoid re-running this script phase.\necho \"SUCCESS\" > \"${SCRIPT_OUTPUT_FILE_0}\"\n";
			showEnvVarsInLog = 0;
		};
/* End PBXShellScriptBuildPhase section */

/* Begin PBXSourcesBuildPhase section */
		8A6C34DA1FE516EF00C44E61 /* Sources */ = {
			isa = PBXSourcesBuildPhase;
			buildActionMask = 2147483647;
			files = (
				8A6C34EF1FE5175C00C44E61 /* NSMutableArray+safe.m in Sources */,
				8A6C34F11FE5176100C44E61 /* NSString+json.m in Sources */,
				8A6C34EE1FE5175900C44E61 /* NSURL+scheme.m in Sources */,
				8A6C34ED1FE5175400C44E61 /* DatabaseUtil.m in Sources */,
				8A6C34EC1FE5175100C44E61 /* DebugDatabaseManager.m in Sources */,
				8A6C34F01FE5175E00C44E61 /* NSMutableDictionary+safe.m in Sources */,
			);
			runOnlyForDeploymentPostprocessing = 0;
		};
		E84AE5E71F3ADDE3003A9EB7 /* Sources */ = {
			isa = PBXSourcesBuildPhase;
			buildActionMask = 2147483647;
			files = (
				E84AE6341F3C4210003A9EB7 /* DebugDatabaseManager.m in Sources */,
				E84AE5F61F3ADDE3003A9EB7 /* ViewController.m in Sources */,
				E84AE64F1F3EA78F003A9EB7 /* NSString+json.m in Sources */,
				E84AE64C1F3EA0DF003A9EB7 /* NSMutableDictionary+safe.m in Sources */,
				E84AE6441F3D9F8F003A9EB7 /* DatabaseUtil.m in Sources */,
				E84AE63D1F3D8016003A9EB7 /* NSURL+scheme.m in Sources */,
				E84AE5F31F3ADDE3003A9EB7 /* AppDelegate.m in Sources */,
				E84AE64B1F3EA0DF003A9EB7 /* NSMutableArray+safe.m in Sources */,
				E84AE5F01F3ADDE3003A9EB7 /* main.m in Sources */,
			);
			runOnlyForDeploymentPostprocessing = 0;
		};
/* End PBXSourcesBuildPhase section */

/* Begin PBXVariantGroup section */
		E84AE5F71F3ADDE3003A9EB7 /* Main.storyboard */ = {
			isa = PBXVariantGroup;
			children = (
				E84AE5F81F3ADDE3003A9EB7 /* Base */,
			);
			name = Main.storyboard;
			sourceTree = "<group>";
		};
		E84AE5FC1F3ADDE3003A9EB7 /* LaunchScreen.storyboard */ = {
			isa = PBXVariantGroup;
			children = (
				E84AE5FD1F3ADDE3003A9EB7 /* Base */,
			);
			name = LaunchScreen.storyboard;
			sourceTree = "<group>";
		};
/* End PBXVariantGroup section */

/* Begin XCBuildConfiguration section */
		8A6C34E81FE516EF00C44E61 /* Debug */ = {
			isa = XCBuildConfiguration;
			buildSettings = {
				CLANG_ANALYZER_NUMBER_OBJECT_CONVERSION = YES_AGGRESSIVE;
				CLANG_CXX_LANGUAGE_STANDARD = "gnu++14";
				CLANG_WARN_BLOCK_CAPTURE_AUTORELEASING = YES;
				CLANG_WARN_COMMA = YES;
				CLANG_WARN_NON_LITERAL_NULL_CONVERSION = YES;
				CLANG_WARN_OBJC_LITERAL_CONVERSION = YES;
				CLANG_WARN_RANGE_LOOP_ANALYSIS = YES;
				CLANG_WARN_STRICT_PROTOTYPES = YES;
				CLANG_WARN_UNGUARDED_AVAILABILITY = YES_AGGRESSIVE;
				CODE_SIGN_IDENTITY = "iPhone Developer";
				CODE_SIGN_STYLE = Automatic;
				CURRENT_PROJECT_VERSION = 1;
				DEFINES_MODULE = YES;
				DEVELOPMENT_TEAM = 6M5WCVL2GQ;
				DYLIB_COMPATIBILITY_VERSION = 1;
				DYLIB_CURRENT_VERSION = 1;
				DYLIB_INSTALL_NAME_BASE = "@rpath";
				FRAMEWORK_SEARCH_PATHS = "$(PROJECT_DIR)/Carthage/Build/iOS";
				GCC_C_LANGUAGE_STANDARD = gnu11;
				INFOPLIST_FILE = DebugDatabase/Info.plist;
				INSTALL_PATH = "$(LOCAL_LIBRARY_DIR)/Frameworks";
				IPHONEOS_DEPLOYMENT_TARGET = 8.0;
				LD_RUNPATH_SEARCH_PATHS = "$(inherited) @executable_path/Frameworks @loader_path/Frameworks";
				PRODUCT_BUNDLE_IDENTIFIER = com.KingOrient.PropertyLift.iOSDebugDatabase;
				PRODUCT_NAME = iOSDebugDatabase;
				SKIP_INSTALL = YES;
				SWIFT_ACTIVE_COMPILATION_CONDITIONS = DEBUG;
				SWIFT_OPTIMIZATION_LEVEL = "-Onone";
				SWIFT_VERSION = 4.0;
				TARGETED_DEVICE_FAMILY = "1,2";
				VERSIONING_SYSTEM = "apple-generic";
				VERSION_INFO_PREFIX = "";
			};
			name = Debug;
		};
		8A6C34E91FE516EF00C44E61 /* Release */ = {
			isa = XCBuildConfiguration;
			buildSettings = {
				CLANG_ANALYZER_NUMBER_OBJECT_CONVERSION = YES_AGGRESSIVE;
				CLANG_CXX_LANGUAGE_STANDARD = "gnu++14";
				CLANG_WARN_BLOCK_CAPTURE_AUTORELEASING = YES;
				CLANG_WARN_COMMA = YES;
				CLANG_WARN_NON_LITERAL_NULL_CONVERSION = YES;
				CLANG_WARN_OBJC_LITERAL_CONVERSION = YES;
				CLANG_WARN_RANGE_LOOP_ANALYSIS = YES;
				CLANG_WARN_STRICT_PROTOTYPES = YES;
				CLANG_WARN_UNGUARDED_AVAILABILITY = YES_AGGRESSIVE;
				CODE_SIGN_IDENTITY = "iPhone Developer";
				CODE_SIGN_STYLE = Automatic;
				CURRENT_PROJECT_VERSION = 1;
				DEFINES_MODULE = YES;
				DEVELOPMENT_TEAM = 6M5WCVL2GQ;
				DYLIB_COMPATIBILITY_VERSION = 1;
				DYLIB_CURRENT_VERSION = 1;
				DYLIB_INSTALL_NAME_BASE = "@rpath";
				FRAMEWORK_SEARCH_PATHS = "$(PROJECT_DIR)/Carthage/Build/iOS";
				GCC_C_LANGUAGE_STANDARD = gnu11;
				INFOPLIST_FILE = DebugDatabase/Info.plist;
				INSTALL_PATH = "$(LOCAL_LIBRARY_DIR)/Frameworks";
				IPHONEOS_DEPLOYMENT_TARGET = 8.0;
				LD_RUNPATH_SEARCH_PATHS = "$(inherited) @executable_path/Frameworks @loader_path/Frameworks";
				PRODUCT_BUNDLE_IDENTIFIER = com.KingOrient.PropertyLift.iOSDebugDatabase;
				PRODUCT_NAME = iOSDebugDatabase;
				SKIP_INSTALL = YES;
				SWIFT_OPTIMIZATION_LEVEL = "-Owholemodule";
				SWIFT_VERSION = 4.0;
				TARGETED_DEVICE_FAMILY = "1,2";
				VERSIONING_SYSTEM = "apple-generic";
				VERSION_INFO_PREFIX = "";
			};
			name = Release;
		};
		E84AE6001F3ADDE3003A9EB7 /* Debug */ = {
			isa = XCBuildConfiguration;
			buildSettings = {
				ALWAYS_SEARCH_USER_PATHS = NO;
				CLANG_ANALYZER_NONNULL = YES;
				CLANG_CXX_LANGUAGE_STANDARD = "gnu++0x";
				CLANG_CXX_LIBRARY = "libc++";
				CLANG_ENABLE_MODULES = YES;
				CLANG_ENABLE_OBJC_ARC = YES;
				CLANG_WARN_BOOL_CONVERSION = YES;
				CLANG_WARN_CONSTANT_CONVERSION = YES;
				CLANG_WARN_DIRECT_OBJC_ISA_USAGE = YES_ERROR;
				CLANG_WARN_DOCUMENTATION_COMMENTS = YES;
				CLANG_WARN_EMPTY_BODY = YES;
				CLANG_WARN_ENUM_CONVERSION = YES;
				CLANG_WARN_INFINITE_RECURSION = YES;
				CLANG_WARN_INT_CONVERSION = YES;
				CLANG_WARN_OBJC_ROOT_CLASS = YES_ERROR;
				CLANG_WARN_SUSPICIOUS_MOVE = YES;
				CLANG_WARN_UNREACHABLE_CODE = YES;
				CLANG_WARN__DUPLICATE_METHOD_MATCH = YES;
				"CODE_SIGN_IDENTITY[sdk=iphoneos*]" = "iPhone Developer";
				COPY_PHASE_STRIP = NO;
				DEBUG_INFORMATION_FORMAT = dwarf;
				ENABLE_STRICT_OBJC_MSGSEND = YES;
				ENABLE_TESTABILITY = YES;
				GCC_C_LANGUAGE_STANDARD = gnu99;
				GCC_DYNAMIC_NO_PIC = NO;
				GCC_NO_COMMON_BLOCKS = YES;
				GCC_OPTIMIZATION_LEVEL = 0;
				GCC_PREPROCESSOR_DEFINITIONS = (
					"DEBUG=1",
					"$(inherited)",
				);
				GCC_WARN_64_TO_32_BIT_CONVERSION = YES;
				GCC_WARN_ABOUT_RETURN_TYPE = YES_ERROR;
				GCC_WARN_UNDECLARED_SELECTOR = YES;
				GCC_WARN_UNINITIALIZED_AUTOS = YES_AGGRESSIVE;
				GCC_WARN_UNUSED_FUNCTION = YES;
				GCC_WARN_UNUSED_VARIABLE = YES;
				IPHONEOS_DEPLOYMENT_TARGET = 10.2;
				MTL_ENABLE_DEBUG_INFO = YES;
				ONLY_ACTIVE_ARCH = YES;
				SDKROOT = iphoneos;
				TARGETED_DEVICE_FAMILY = "1,2";
			};
			name = Debug;
		};
		E84AE6011F3ADDE3003A9EB7 /* Release */ = {
			isa = XCBuildConfiguration;
			buildSettings = {
				ALWAYS_SEARCH_USER_PATHS = NO;
				CLANG_ANALYZER_NONNULL = YES;
				CLANG_CXX_LANGUAGE_STANDARD = "gnu++0x";
				CLANG_CXX_LIBRARY = "libc++";
				CLANG_ENABLE_MODULES = YES;
				CLANG_ENABLE_OBJC_ARC = YES;
				CLANG_WARN_BOOL_CONVERSION = YES;
				CLANG_WARN_CONSTANT_CONVERSION = YES;
				CLANG_WARN_DIRECT_OBJC_ISA_USAGE = YES_ERROR;
				CLANG_WARN_DOCUMENTATION_COMMENTS = YES;
				CLANG_WARN_EMPTY_BODY = YES;
				CLANG_WARN_ENUM_CONVERSION = YES;
				CLANG_WARN_INFINITE_RECURSION = YES;
				CLANG_WARN_INT_CONVERSION = YES;
				CLANG_WARN_OBJC_ROOT_CLASS = YES_ERROR;
				CLANG_WARN_SUSPICIOUS_MOVE = YES;
				CLANG_WARN_UNREACHABLE_CODE = YES;
				CLANG_WARN__DUPLICATE_METHOD_MATCH = YES;
				"CODE_SIGN_IDENTITY[sdk=iphoneos*]" = "iPhone Developer";
				COPY_PHASE_STRIP = NO;
				DEBUG_INFORMATION_FORMAT = "dwarf-with-dsym";
				ENABLE_NS_ASSERTIONS = NO;
				ENABLE_STRICT_OBJC_MSGSEND = YES;
				GCC_C_LANGUAGE_STANDARD = gnu99;
				GCC_NO_COMMON_BLOCKS = YES;
				GCC_WARN_64_TO_32_BIT_CONVERSION = YES;
				GCC_WARN_ABOUT_RETURN_TYPE = YES_ERROR;
				GCC_WARN_UNDECLARED_SELECTOR = YES;
				GCC_WARN_UNINITIALIZED_AUTOS = YES_AGGRESSIVE;
				GCC_WARN_UNUSED_FUNCTION = YES;
				GCC_WARN_UNUSED_VARIABLE = YES;
				IPHONEOS_DEPLOYMENT_TARGET = 10.2;
				MTL_ENABLE_DEBUG_INFO = NO;
				SDKROOT = iphoneos;
				TARGETED_DEVICE_FAMILY = "1,2";
				VALIDATE_PRODUCT = YES;
			};
			name = Release;
		};
		E84AE6031F3ADDE3003A9EB7 /* Debug */ = {
			isa = XCBuildConfiguration;
			baseConfigurationReference = 22ADD98E9993641841D67B7F /* Pods-YYDebugDatabase.debug.xcconfig */;
			buildSettings = {
				ASSETCATALOG_COMPILER_APPICON_NAME = AppIcon;
				CODE_SIGN_IDENTITY = "iPhone Developer";
				DEVELOPMENT_TEAM = 6M5WCVL2GQ;
				INFOPLIST_FILE = YYDebugDatabase/Info.plist;
				LD_RUNPATH_SEARCH_PATHS = "$(inherited) @executable_path/Frameworks";
				PRODUCT_BUNDLE_IDENTIFIER = com.y500.YYDebugDatabase;
				PRODUCT_NAME = "$(TARGET_NAME)";
			};
			name = Debug;
		};
		E84AE6041F3ADDE3003A9EB7 /* Release */ = {
			isa = XCBuildConfiguration;
			baseConfigurationReference = 50D992B943B292D10D75C6C2 /* Pods-YYDebugDatabase.release.xcconfig */;
			buildSettings = {
				ASSETCATALOG_COMPILER_APPICON_NAME = AppIcon;
				CODE_SIGN_IDENTITY = "iPhone Developer";
				DEVELOPMENT_TEAM = 6M5WCVL2GQ;
				INFOPLIST_FILE = YYDebugDatabase/Info.plist;
				LD_RUNPATH_SEARCH_PATHS = "$(inherited) @executable_path/Frameworks";
				PRODUCT_BUNDLE_IDENTIFIER = com.y500.YYDebugDatabase;
				PRODUCT_NAME = "$(TARGET_NAME)";
			};
			name = Release;
		};
/* End XCBuildConfiguration section */

/* Begin XCConfigurationList section */
		8A6C34EA1FE516EF00C44E61 /* Build configuration list for PBXNativeTarget "iOSDebugDatabase-iOS" */ = {
			isa = XCConfigurationList;
			buildConfigurations = (
				8A6C34E81FE516EF00C44E61 /* Debug */,
				8A6C34E91FE516EF00C44E61 /* Release */,
			);
			defaultConfigurationIsVisible = 0;
			defaultConfigurationName = Release;
		};
		E84AE5E61F3ADDE3003A9EB7 /* Build configuration list for PBXProject "YYDebugDatabase" */ = {
			isa = XCConfigurationList;
			buildConfigurations = (
				E84AE6001F3ADDE3003A9EB7 /* Debug */,
				E84AE6011F3ADDE3003A9EB7 /* Release */,
			);
			defaultConfigurationIsVisible = 0;
			defaultConfigurationName = Release;
		};
		E84AE6021F3ADDE3003A9EB7 /* Build configuration list for PBXNativeTarget "YYDebugDatabase" */ = {
			isa = XCConfigurationList;
			buildConfigurations = (
				E84AE6031F3ADDE3003A9EB7 /* Debug */,
				E84AE6041F3ADDE3003A9EB7 /* Release */,
			);
			defaultConfigurationIsVisible = 0;
			defaultConfigurationName = Release;
		};
/* End XCConfigurationList section */
	};
	rootObject = E84AE5E31F3ADDE3003A9EB7 /* Project object */;
}
